// !$*UTF8*$!
{
	archiveVersion = 1;
	classes = {
	};
	objectVersion = 46;
	objects = {

/* Begin PBXBuildFile section */
		3814F5E51921698B00B4EF6D /* Foundation.framework in Frameworks */ = {isa = PBXBuildFile; fileRef = 3814F5E41921698B00B4EF6D /* Foundation.framework */; };
		3814F5E71921698B00B4EF6D /* CoreGraphics.framework in Frameworks */ = {isa = PBXBuildFile; fileRef = 3814F5E61921698B00B4EF6D /* CoreGraphics.framework */; };
		3814F5E91921698B00B4EF6D /* UIKit.framework in Frameworks */ = {isa = PBXBuildFile; fileRef = 3814F5E81921698B00B4EF6D /* UIKit.framework */; };
		3814F5EF1921698B00B4EF6D /* InfoPlist.strings in Resources */ = {isa = PBXBuildFile; fileRef = 3814F5ED1921698B00B4EF6D /* InfoPlist.strings */; };
		3814F5F11921698B00B4EF6D /* main.m in Sources */ = {isa = PBXBuildFile; fileRef = 3814F5F01921698B00B4EF6D /* main.m */; };
		3814F5F51921698B00B4EF6D /* AppDelegate.m in Sources */ = {isa = PBXBuildFile; fileRef = 3814F5F41921698B00B4EF6D /* AppDelegate.m */; };
		3814F5F81921698B00B4EF6D /* Main.storyboard in Resources */ = {isa = PBXBuildFile; fileRef = 3814F5F61921698B00B4EF6D /* Main.storyboard */; };
		3814F5FB1921698B00B4EF6D /* PostsTableViewController.m in Sources */ = {isa = PBXBuildFile; fileRef = 3814F5FA1921698B00B4EF6D /* PostsTableViewController.m */; };
		3814F5FD1921698B00B4EF6D /* Images.xcassets in Resources */ = {isa = PBXBuildFile; fileRef = 3814F5FC1921698B00B4EF6D /* Images.xcassets */; };
		3814F6041921698B00B4EF6D /* XCTest.framework in Frameworks */ = {isa = PBXBuildFile; fileRef = 3814F6031921698B00B4EF6D /* XCTest.framework */; };
		3814F6051921698B00B4EF6D /* Foundation.framework in Frameworks */ = {isa = PBXBuildFile; fileRef = 3814F5E41921698B00B4EF6D /* Foundation.framework */; };
		3814F6061921698B00B4EF6D /* UIKit.framework in Frameworks */ = {isa = PBXBuildFile; fileRef = 3814F5E81921698B00B4EF6D /* UIKit.framework */; };
		3814F60E1921698B00B4EF6D /* InfoPlist.strings in Resources */ = {isa = PBXBuildFile; fileRef = 3814F60C1921698B00B4EF6D /* InfoPlist.strings */; };
		3814F6101921698B00B4EF6D /* F2W1_MVCTests.m in Sources */ = {isa = PBXBuildFile; fileRef = 3814F60F1921698B00B4EF6D /* F2W1_MVCTests.m */; };
		3814F61E192169D200B4EF6D /* Post.m in Sources */ = {isa = PBXBuildFile; fileRef = 3814F61D192169D200B4EF6D /* Post.m */; };
		3814F62119216B0E00B4EF6D /* PostTableViewCell.m in Sources */ = {isa = PBXBuildFile; fileRef = 3814F62019216B0E00B4EF6D /* PostTableViewCell.m */; };
		388E2D22192413AF009387E9 /* UIColor+ColorChange.m in Sources */ = {isa = PBXBuildFile; fileRef = 388E2D21192413AF009387E9 /* UIColor+ColorChange.m */; };
		38967F2C192404A70024A648 /* EditPostViewController.m in Sources */ = {isa = PBXBuildFile; fileRef = 38967F2B192404A70024A648 /* EditPostViewController.m */; };
		38A815F11921F893007ECA93 /* CreatePostViewController.m in Sources */ = {isa = PBXBuildFile; fileRef = 38A815F01921F893007ECA93 /* CreatePostViewController.m */; };
/* End PBXBuildFile section */

/* Begin PBXContainerItemProxy section */
		3814F6071921698B00B4EF6D /* PBXContainerItemProxy */ = {
			isa = PBXContainerItemProxy;
			containerPortal = 3814F5D91921698B00B4EF6D /* Project object */;
			proxyType = 1;
			remoteGlobalIDString = 3814F5E01921698B00B4EF6D;
			remoteInfo = "F2W1-MVC";
		};
/* End PBXContainerItemProxy section */

/* Begin PBXFileReference section */
		3814F5E11921698B00B4EF6D /* F2W1-MVC.app */ = {isa = PBXFileReference; explicitFileType = wrapper.application; includeInIndex = 0; path = "F2W1-MVC.app"; sourceTree = BUILT_PRODUCTS_DIR; };
		3814F5E41921698B00B4EF6D /* Foundation.framework */ = {isa = PBXFileReference; lastKnownFileType = wrapper.framework; name = Foundation.framework; path = System/Library/Frameworks/Foundation.framework; sourceTree = SDKROOT; };
		3814F5E61921698B00B4EF6D /* CoreGraphics.framework */ = {isa = PBXFileReference; lastKnownFileType = wrapper.framework; name = CoreGraphics.framework; path = System/Library/Frameworks/CoreGraphics.framework; sourceTree = SDKROOT; };
		3814F5E81921698B00B4EF6D /* UIKit.framework */ = {isa = PBXFileReference; lastKnownFileType = wrapper.framework; name = UIKit.framework; path = System/Library/Frameworks/UIKit.framework; sourceTree = SDKROOT; };
		3814F5EC1921698B00B4EF6D /* F2W1-MVC-Info.plist */ = {isa = PBXFileReference; lastKnownFileType = text.plist.xml; path = "F2W1-MVC-Info.plist"; sourceTree = "<group>"; };
		3814F5EE1921698B00B4EF6D /* en */ = {isa = PBXFileReference; lastKnownFileType = text.plist.strings; name = en; path = en.lproj/InfoPlist.strings; sourceTree = "<group>"; };
		3814F5F01921698B00B4EF6D /* main.m */ = {isa = PBXFileReference; lastKnownFileType = sourcecode.c.objc; path = main.m; sourceTree = "<group>"; };
		3814F5F21921698B00B4EF6D /* F2W1-MVC-Prefix.pch */ = {isa = PBXFileReference; lastKnownFileType = sourcecode.c.h; path = "F2W1-MVC-Prefix.pch"; sourceTree = "<group>"; };
		3814F5F31921698B00B4EF6D /* AppDelegate.h */ = {isa = PBXFileReference; lastKnownFileType = sourcecode.c.h; path = AppDelegate.h; sourceTree = "<group>"; };
		3814F5F41921698B00B4EF6D /* AppDelegate.m */ = {isa = PBXFileReference; lastKnownFileType = sourcecode.c.objc; path = AppDelegate.m; sourceTree = "<group>"; };
		3814F5F71921698B00B4EF6D /* Base */ = {isa = PBXFileReference; lastKnownFileType = file.storyboard; name = Base; path = Base.lproj/Main.storyboard; sourceTree = "<group>"; };
		3814F5F91921698B00B4EF6D /* PostsTableViewController.h */ = {isa = PBXFileReference; lastKnownFileType = sourcecode.c.h; path = PostsTableViewController.h; sourceTree = "<group>"; };
		3814F5FA1921698B00B4EF6D /* PostsTableViewController.m */ = {isa = PBXFileReference; lastKnownFileType = sourcecode.c.objc; path = PostsTableViewController.m; sourceTree = "<group>"; };
		3814F5FC1921698B00B4EF6D /* Images.xcassets */ = {isa = PBXFileReference; lastKnownFileType = folder.assetcatalog; path = Images.xcassets; sourceTree = "<group>"; };
		3814F6021921698B00B4EF6D /* F2W1-MVCTests.xctest */ = {isa = PBXFileReference; explicitFileType = wrapper.cfbundle; includeInIndex = 0; path = "F2W1-MVCTests.xctest"; sourceTree = BUILT_PRODUCTS_DIR; };
		3814F6031921698B00B4EF6D /* XCTest.framework */ = {isa = PBXFileReference; lastKnownFileType = wrapper.framework; name = XCTest.framework; path = Library/Frameworks/XCTest.framework; sourceTree = DEVELOPER_DIR; };
		3814F60B1921698B00B4EF6D /* F2W1-MVCTests-Info.plist */ = {isa = PBXFileReference; lastKnownFileType = text.plist.xml; path = "F2W1-MVCTests-Info.plist"; sourceTree = "<group>"; };
		3814F60D1921698B00B4EF6D /* en */ = {isa = PBXFileReference; lastKnownFileType = text.plist.strings; name = en; path = en.lproj/InfoPlist.strings; sourceTree = "<group>"; };
		3814F60F1921698B00B4EF6D /* F2W1_MVCTests.m */ = {isa = PBXFileReference; lastKnownFileType = sourcecode.c.objc; path = F2W1_MVCTests.m; sourceTree = "<group>"; };
		3814F61C192169D200B4EF6D /* Post.h */ = {isa = PBXFileReference; fileEncoding = 4; lastKnownFileType = sourcecode.c.h; path = Post.h; sourceTree = "<group>"; };
		3814F61D192169D200B4EF6D /* Post.m */ = {isa = PBXFileReference; fileEncoding = 4; lastKnownFileType = sourcecode.c.objc; path = Post.m; sourceTree = "<group>"; };
		3814F61F19216B0E00B4EF6D /* PostTableViewCell.h */ = {isa = PBXFileReference; fileEncoding = 4; lastKnownFileType = sourcecode.c.h; path = PostTableViewCell.h; sourceTree = "<group>"; };
		3814F62019216B0E00B4EF6D /* PostTableViewCell.m */ = {isa = PBXFileReference; fileEncoding = 4; lastKnownFileType = sourcecode.c.objc; path = PostTableViewCell.m; sourceTree = "<group>"; };
		388E2D20192413AF009387E9 /* UIColor+ColorChange.h */ = {isa = PBXFileReference; fileEncoding = 4; lastKnownFileType = sourcecode.c.h; path = "UIColor+ColorChange.h"; sourceTree = "<group>"; };
		388E2D21192413AF009387E9 /* UIColor+ColorChange.m */ = {isa = PBXFileReference; fileEncoding = 4; lastKnownFileType = sourcecode.c.objc; path = "UIColor+ColorChange.m"; sourceTree = "<group>"; };
		38967F2A192404A70024A648 /* EditPostViewController.h */ = {isa = PBXFileReference; fileEncoding = 4; lastKnownFileType = sourcecode.c.h; path = EditPostViewController.h; sourceTree = "<group>"; };
		38967F2B192404A70024A648 /* EditPostViewController.m */ = {isa = PBXFileReference; fileEncoding = 4; lastKnownFileType = sourcecode.c.objc; path = EditPostViewController.m; sourceTree = "<group>"; };
		38A815EF1921F893007ECA93 /* CreatePostViewController.h */ = {isa = PBXFileReference; fileEncoding = 4; lastKnownFileType = sourcecode.c.h; path = CreatePostViewController.h; sourceTree = "<group>"; };
		38A815F01921F893007ECA93 /* CreatePostViewController.m */ = {isa = PBXFileReference; fileEncoding = 4; lastKnownFileType = sourcecode.c.objc; path = CreatePostViewController.m; sourceTree = "<group>"; };
/* End PBXFileReference section */

/* Begin PBXFrameworksBuildPhase section */
		3814F5DE1921698B00B4EF6D /* Frameworks */ = {
			isa = PBXFrameworksBuildPhase;
			buildActionMask = 2147483647;
			files = (
				3814F5E71921698B00B4EF6D /* CoreGraphics.framework in Frameworks */,
				3814F5E91921698B00B4EF6D /* UIKit.framework in Frameworks */,
				3814F5E51921698B00B4EF6D /* Foundation.framework in Frameworks */,
			);
			runOnlyForDeploymentPostprocessing = 0;
		};
		3814F5FF1921698B00B4EF6D /* Frameworks */ = {
			isa = PBXFrameworksBuildPhase;
			buildActionMask = 2147483647;
			files = (
				3814F6041921698B00B4EF6D /* XCTest.framework in Frameworks */,
				3814F6061921698B00B4EF6D /* UIKit.framework in Frameworks */,
				3814F6051921698B00B4EF6D /* Foundation.framework in Frameworks */,
			);
			runOnlyForDeploymentPostprocessing = 0;
		};
/* End PBXFrameworksBuildPhase section */

/* Begin PBXGroup section */
		3814F5D81921698B00B4EF6D = {
			isa = PBXGroup;
			children = (
				3814F5EA1921698B00B4EF6D /* F2W1-MVC */,
				3814F6091921698B00B4EF6D /* F2W1-MVCTests */,
				3814F5E31921698B00B4EF6D /* Frameworks */,
				3814F5E21921698B00B4EF6D /* Products */,
			);
			sourceTree = "<group>";
		};
		3814F5E21921698B00B4EF6D /* Products */ = {
			isa = PBXGroup;
			children = (
				3814F5E11921698B00B4EF6D /* F2W1-MVC.app */,
				3814F6021921698B00B4EF6D /* F2W1-MVCTests.xctest */,
			);
			name = Products;
			sourceTree = "<group>";
		};
		3814F5E31921698B00B4EF6D /* Frameworks */ = {
			isa = PBXGroup;
			children = (
				3814F5E41921698B00B4EF6D /* Foundation.framework */,
				3814F5E61921698B00B4EF6D /* CoreGraphics.framework */,
				3814F5E81921698B00B4EF6D /* UIKit.framework */,
				3814F6031921698B00B4EF6D /* XCTest.framework */,
			);
			name = Frameworks;
			sourceTree = "<group>";
		};
		3814F5EA1921698B00B4EF6D /* F2W1-MVC */ = {
			isa = PBXGroup;
			children = (
				3814F5F31921698B00B4EF6D /* AppDelegate.h */,
				3814F5F41921698B00B4EF6D /* AppDelegate.m */,
				3814F61B192169AE00B4EF6D /* Model */,
				3814F6191921699E00B4EF6D /* View */,
				3814F61A192169A500B4EF6D /* Controller */,
				388E2D20192413AF009387E9 /* UIColor+ColorChange.h */,
				388E2D21192413AF009387E9 /* UIColor+ColorChange.m */,
				3814F5FC1921698B00B4EF6D /* Images.xcassets */,
				3814F5EB1921698B00B4EF6D /* Supporting Files */,
			);
			path = "F2W1-MVC";
			sourceTree = "<group>";
		};
		3814F5EB1921698B00B4EF6D /* Supporting Files */ = {
			isa = PBXGroup;
			children = (
				3814F5EC1921698B00B4EF6D /* F2W1-MVC-Info.plist */,
				3814F5ED1921698B00B4EF6D /* InfoPlist.strings */,
				3814F5F01921698B00B4EF6D /* main.m */,
				3814F5F21921698B00B4EF6D /* F2W1-MVC-Prefix.pch */,
			);
			name = "Supporting Files";
			sourceTree = "<group>";
		};
		3814F6091921698B00B4EF6D /* F2W1-MVCTests */ = {
			isa = PBXGroup;
			children = (
				3814F60F1921698B00B4EF6D /* F2W1_MVCTests.m */,
				3814F60A1921698B00B4EF6D /* Supporting Files */,
			);
			path = "F2W1-MVCTests";
			sourceTree = "<group>";
		};
		3814F60A1921698B00B4EF6D /* Supporting Files */ = {
			isa = PBXGroup;
			children = (
				3814F60B1921698B00B4EF6D /* F2W1-MVCTests-Info.plist */,
				3814F60C1921698B00B4EF6D /* InfoPlist.strings */,
			);
			name = "Supporting Files";
			sourceTree = "<group>";
		};
		3814F6191921699E00B4EF6D /* View */ = {
			isa = PBXGroup;
			children = (
				3814F5F61921698B00B4EF6D /* Main.storyboard */,
				3814F61F19216B0E00B4EF6D /* PostTableViewCell.h */,
				3814F62019216B0E00B4EF6D /* PostTableViewCell.m */,
			);
			name = View;
			sourceTree = "<group>";
		};
		3814F61A192169A500B4EF6D /* Controller */ = {
			isa = PBXGroup;
			children = (
				3814F5F91921698B00B4EF6D /* PostsTableViewController.h */,
				3814F5FA1921698B00B4EF6D /* PostsTableViewController.m */,
				38A815EF1921F893007ECA93 /* CreatePostViewController.h */,
				38A815F01921F893007ECA93 /* CreatePostViewController.m */,
				38967F2A192404A70024A648 /* EditPostViewController.h */,
				38967F2B192404A70024A648 /* EditPostViewController.m */,
			);
			name = Controller;
			sourceTree = "<group>";
		};
		3814F61B192169AE00B4EF6D /* Model */ = {
			isa = PBXGroup;
			children = (
				3814F61C192169D200B4EF6D /* Post.h */,
				3814F61D192169D200B4EF6D /* Post.m */,
			);
			name = Model;
			sourceTree = "<group>";
		};
/* End PBXGroup section */

/* Begin PBXNativeTarget section */
		3814F5E01921698B00B4EF6D /* F2W1-MVC */ = {
			isa = PBXNativeTarget;
			buildConfigurationList = 3814F6131921698B00B4EF6D /* Build configuration list for PBXNativeTarget "F2W1-MVC" */;
			buildPhases = (
				3814F5DD1921698B00B4EF6D /* Sources */,
				3814F5DE1921698B00B4EF6D /* Frameworks */,
				3814F5DF1921698B00B4EF6D /* Resources */,
			);
			buildRules = (
			);
			dependencies = (
			);
			name = "F2W1-MVC";
			productName = "F2W1-MVC";
			productReference = 3814F5E11921698B00B4EF6D /* F2W1-MVC.app */;
			productType = "com.apple.product-type.application";
		};
		3814F6011921698B00B4EF6D /* F2W1-MVCTests */ = {
			isa = PBXNativeTarget;
			buildConfigurationList = 3814F6161921698B00B4EF6D /* Build configuration list for PBXNativeTarget "F2W1-MVCTests" */;
			buildPhases = (
				3814F5FE1921698B00B4EF6D /* Sources */,
				3814F5FF1921698B00B4EF6D /* Frameworks */,
				3814F6001921698B00B4EF6D /* Resources */,
			);
			buildRules = (
			);
			dependencies = (
				3814F6081921698B00B4EF6D /* PBXTargetDependency */,
			);
			name = "F2W1-MVCTests";
			productName = "F2W1-MVCTests";
			productReference = 3814F6021921698B00B4EF6D /* F2W1-MVCTests.xctest */;
			productType = "com.apple.product-type.bundle.unit-test";
		};
/* End PBXNativeTarget section */

/* Begin PBXProject section */
		3814F5D91921698B00B4EF6D /* Project object */ = {
			isa = PBXProject;
			attributes = {
				LastUpgradeCheck = 0510;
				ORGANIZATIONNAME = "Leonardo Lee";
				TargetAttributes = {
					3814F6011921698B00B4EF6D = {
						TestTargetID = 3814F5E01921698B00B4EF6D;
					};
				};
			};
			buildConfigurationList = 3814F5DC1921698B00B4EF6D /* Build configuration list for PBXProject "F2W1-MVC" */;
			compatibilityVersion = "Xcode 3.2";
			developmentRegion = English;
			hasScannedForEncodings = 0;
			knownRegions = (
				en,
				Base,
			);
			mainGroup = 3814F5D81921698B00B4EF6D;
			productRefGroup = 3814F5E21921698B00B4EF6D /* Products */;
			projectDirPath = "";
			projectRoot = "";
			targets = (
				3814F5E01921698B00B4EF6D /* F2W1-MVC */,
				3814F6011921698B00B4EF6D /* F2W1-MVCTests */,
			);
		};
/* End PBXProject section */

/* Begin PBXResourcesBuildPhase section */
		3814F5DF1921698B00B4EF6D /* Resources */ = {
			isa = PBXResourcesBuildPhase;
			buildActionMask = 2147483647;
			files = (
				3814F5FD1921698B00B4EF6D /* Images.xcassets in Resources */,
				3814F5EF1921698B00B4EF6D /* InfoPlist.strings in Resources */,
				3814F5F81921698B00B4EF6D /* Main.storyboard in Resources */,
			);
			runOnlyForDeploymentPostprocessing = 0;
		};
		3814F6001921698B00B4EF6D /* Resources */ = {
			isa = PBXResourcesBuildPhase;
			buildActionMask = 2147483647;
			files = (
				3814F60E1921698B00B4EF6D /* InfoPlist.strings in Resources */,
			);
			runOnlyForDeploymentPostprocessing = 0;
		};
/* End PBXResourcesBuildPhase section */

/* Begin PBXSourcesBuildPhase section */
		3814F5DD1921698B00B4EF6D /* Sources */ = {
			isa = PBXSourcesBuildPhase;
			buildActionMask = 2147483647;
			files = (
				38967F2C192404A70024A648 /* EditPostViewController.m in Sources */,
				3814F5FB1921698B00B4EF6D /* PostsTableViewController.m in Sources */,
				3814F5F51921698B00B4EF6D /* AppDelegate.m in Sources */,
				3814F5F11921698B00B4EF6D /* main.m in Sources */,
				3814F62119216B0E00B4EF6D /* PostTableViewCell.m in Sources */,
				388E2D22192413AF009387E9 /* UIColor+ColorChange.m in Sources */,
				38A815F11921F893007ECA93 /* CreatePostViewController.m in Sources */,
				3814F61E192169D200B4EF6D /* Post.m in Sources */,
			);
			runOnlyForDeploymentPostprocessing = 0;
		};
		3814F5FE1921698B00B4EF6D /* Sources */ = {
			isa = PBXSourcesBuildPhase;
			buildActionMask = 2147483647;
			files = (
				3814F6101921698B00B4EF6D /* F2W1_MVCTests.m in Sources */,
			);
			runOnlyForDeploymentPostprocessing = 0;
		};
/* End PBXSourcesBuildPhase section */

/* Begin PBXTargetDependency section */
		3814F6081921698B00B4EF6D /* PBXTargetDependency */ = {
			isa = PBXTargetDependency;
			target = 3814F5E01921698B00B4EF6D /* F2W1-MVC */;
			targetProxy = 3814F6071921698B00B4EF6D /* PBXContainerItemProxy */;
		};
/* End PBXTargetDependency section */

/* Begin PBXVariantGroup section */
		3814F5ED1921698B00B4EF6D /* InfoPlist.strings */ = {
			isa = PBXVariantGroup;
			children = (
				3814F5EE1921698B00B4EF6D /* en */,
			);
			name = InfoPlist.strings;
			sourceTree = "<group>";
		};
		3814F5F61921698B00B4EF6D /* Main.storyboard */ = {
			isa = PBXVariantGroup;
			children = (
				3814F5F71921698B00B4EF6D /* Base */,
			);
			name = Main.storyboard;
			sourceTree = "<group>";
		};
		3814F60C1921698B00B4EF6D /* InfoPlist.strings */ = {
			isa = PBXVariantGroup;
			children = (
				3814F60D1921698B00B4EF6D /* en */,
			);
			name = InfoPlist.strings;
			sourceTree = "<group>";
		};
/* End PBXVariantGroup section */

/* Begin XCBuildConfiguration section */
		3814F6111921698B00B4EF6D /* Debug */ = {
			isa = XCBuildConfiguration;
			buildSettings = {
				ALWAYS_SEARCH_USER_PATHS = NO;
				CLANG_CXX_LANGUAGE_STANDARD = "gnu++0x";
				CLANG_CXX_LIBRARY = "libc++";
				CLANG_ENABLE_MODULES = YES;
				CLANG_ENABLE_OBJC_ARC = YES;
				CLANG_WARN_BOOL_CONVERSION = YES;
				CLANG_WARN_CONSTANT_CONVERSION = YES;
				CLANG_WARN_DIRECT_OBJC_ISA_USAGE = YES_ERROR;
				CLANG_WARN_EMPTY_BODY = YES;
				CLANG_WARN_ENUM_CONVERSION = YES;
				CLANG_WARN_INT_CONVERSION = YES;
				CLANG_WARN_OBJC_ROOT_CLASS = YES_ERROR;
				CLANG_WARN__DUPLICATE_METHOD_MATCH = YES;
				"CODE_SIGN_IDENTITY[sdk=iphoneos*]" = "iPhone Developer";
				COPY_PHASE_STRIP = NO;
				GCC_C_LANGUAGE_STANDARD = gnu99;
				GCC_DYNAMIC_NO_PIC = NO;
				GCC_OPTIMIZATION_LEVEL = 0;
				GCC_PREPROCESSOR_DEFINITIONS = (
					"DEBUG=1",
					"$(inherited)",
				);
				GCC_SYMBOLS_PRIVATE_EXTERN = NO;
				GCC_WARN_64_TO_32_BIT_CONVERSION = YES;
				GCC_WARN_ABOUT_RETURN_TYPE = YES_ERROR;
				GCC_WARN_UNDECLARED_SELECTOR = YES;
				GCC_WARN_UNINITIALIZED_AUTOS = YES_AGGRESSIVE;
				GCC_WARN_UNUSED_FUNCTION = YES;
				GCC_WARN_UNUSED_VARIABLE = YES;
				IPHONEOS_DEPLOYMENT_TARGET = 7.1;
				ONLY_ACTIVE_ARCH = YES;
				SDKROOT = iphoneos;
			};
			name = Debug;
		};
		3814F6121921698B00B4EF6D /* Release */ = {
			isa = XCBuildConfiguration;
			buildSettings = {
				ALWAYS_SEARCH_USER_PATHS = NO;
				CLANG_CXX_LANGUAGE_STANDARD = "gnu++0x";
				CLANG_CXX_LIBRARY = "libc++";
				CLANG_ENABLE_MODULES = YES;
				CLANG_ENABLE_OBJC_ARC = YES;
				CLANG_WARN_BOOL_CONVERSION = YES;
				CLANG_WARN_CONSTANT_CONVERSION = YES;
				CLANG_WARN_DIRECT_OBJC_ISA_USAGE = YES_ERROR;
				CLANG_WARN_EMPTY_BODY = YES;
				CLANG_WARN_ENUM_CONVERSION = YES;
				CLANG_WARN_INT_CONVERSION = YES;
				CLANG_WARN_OBJC_ROOT_CLASS = YES_ERROR;
				CLANG_WARN__DUPLICATE_METHOD_MATCH = YES;
				"CODE_SIGN_IDENTITY[sdk=iphoneos*]" = "iPhone Developer";
				COPY_PHASE_STRIP = YES;
				ENABLE_NS_ASSERTIONS = NO;
				GCC_C_LANGUAGE_STANDARD = gnu99;
				GCC_WARN_64_TO_32_BIT_CONVERSION = YES;
				GCC_WARN_ABOUT_RETURN_TYPE = YES_ERROR;
				GCC_WARN_UNDECLARED_SELECTOR = YES;
				GCC_WARN_UNINITIALIZED_AUTOS = YES_AGGRESSIVE;
				GCC_WARN_UNUSED_FUNCTION = YES;
				GCC_WARN_UNUSED_VARIABLE = YES;
				IPHONEOS_DEPLOYMENT_TARGET = 7.1;
				SDKROOT = iphoneos;
				VALIDATE_PRODUCT = YES;
			};
			name = Release;
		};
		3814F6141921698B00B4EF6D /* Debug */ = {
			isa = XCBuildConfiguration;
			buildSettings = {
				ASSETCATALOG_COMPILER_APPICON_NAME = AppIcon;
				ASSETCATALOG_COMPILER_LAUNCHIMAGE_NAME = LaunchImage;
				GCC_PRECOMPILE_PREFIX_HEADER = YES;
				GCC_PREFIX_HEADER = "F2W1-MVC/F2W1-MVC-Prefix.pch";
				INFOPLIST_FILE = "F2W1-MVC/F2W1-MVC-Info.plist";
				PRODUCT_NAME = "$(TARGET_NAME)";
				WRAPPER_EXTENSION = app;
			};
			name = Debug;
		};
		3814F6151921698B00B4EF6D /* Release */ = {
			isa = XCBuildConfiguration;
			buildSettings = {
				ASSETCATALOG_COMPILER_APPICON_NAME = AppIcon;
				ASSETCATALOG_COMPILER_LAUNCHIMAGE_NAME = LaunchImage;
				GCC_PRECOMPILE_PREFIX_HEADER = YES;
				GCC_PREFIX_HEADER = "F2W1-MVC/F2W1-MVC-Prefix.pch";
				INFOPLIST_FILE = "F2W1-MVC/F2W1-MVC-Info.plist";
				PRODUCT_NAME = "$(TARGET_NAME)";
				WRAPPER_EXTENSION = app;
			};
			name = Release;
		};
		3814F6171921698B00B4EF6D /* Debug */ = {
			isa = XCBuildConfiguration;
			buildSettings = {
				BUNDLE_LOADER = "$(BUILT_PRODUCTS_DIR)/F2W1-MVC.app/F2W1-MVC";
				FRAMEWORK_SEARCH_PATHS = (
					"$(SDKROOT)/Developer/Library/Frameworks",
					"$(inherited)",
					"$(DEVELOPER_FRAMEWORKS_DIR)",
				);
				GCC_PRECOMPILE_PREFIX_HEADER = YES;
				GCC_PREFIX_HEADER = "F2W1-MVC/F2W1-MVC-Prefix.pch";
				GCC_PREPROCESSOR_DEFINITIONS = (
					"DEBUG=1",
					"$(inherited)",
				);
				INFOPLIST_FILE = "F2W1-MVCTests/F2W1-MVCTests-Info.plist";
				PRODUCT_NAME = "$(TARGET_NAME)";
				TEST_HOST = "$(BUNDLE_LOADER)";
				WRAPPER_EXTENSION = xctest;
			};
			name = Debug;
		};
		3814F6181921698B00B4EF6D /* Release */ = {
			isa = XCBuildConfiguration;
			buildSettings = {
				BUNDLE_LOADER = "$(BUILT_PRODUCTS_DIR)/F2W1-MVC.app/F2W1-MVC";
				FRAMEWORK_SEARCH_PATHS = (
					"$(SDKROOT)/Developer/Library/Frameworks",
					"$(inherited)",
					"$(DEVELOPER_FRAMEWORKS_DIR)",
				);
				GCC_PRECOMPILE_PREFIX_HEADER = YES;
				GCC_PREFIX_HEADER = "F2W1-MVC/F2W1-MVC-Prefix.pch";
				INFOPLIST_FILE = "F2W1-MVCTests/F2W1-MVCTests-Info.plist";
				PRODUCT_NAME = "$(TARGET_NAME)";
				TEST_HOST = "$(BUNDLE_LOADER)";
				WRAPPER_EXTENSION = xctest;
			};
			name = Release;
		};
/* End XCBuildConfiguration section */

/* Begin XCConfigurationList section */
		3814F5DC1921698B00B4EF6D /* Build configuration list for PBXProject "F2W1-MVC" */ = {
			isa = XCConfigurationList;
			buildConfigurations = (
				3814F6111921698B00B4EF6D /* Debug */,
				3814F6121921698B00B4EF6D /* Release */,
			);
			defaultConfigurationIsVisible = 0;
			defaultConfigurationName = Release;
		};
		3814F6131921698B00B4EF6D /* Build configuration list for PBXNativeTarget "F2W1-MVC" */ = {
			isa = XCConfigurationList;
			buildConfigurations = (
				3814F6141921698B00B4EF6D /* Debug */,
				3814F6151921698B00B4EF6D /* Release */,
			);
			defaultConfigurationIsVisible = 0;
			defaultConfigurationName = Release;
		};
		3814F6161921698B00B4EF6D /* Build configuration list for PBXNativeTarget "F2W1-MVCTests" */ = {
			isa = XCConfigurationList;
			buildConfigurations = (
				3814F6171921698B00B4EF6D /* Debug */,
				3814F6181921698B00B4EF6D /* Release */,
			);
			defaultConfigurationIsVisible = 0;
			defaultConfigurationName = Release;
		};
/* End XCConfigurationList section */
	};
	rootObject = 3814F5D91921698B00B4EF6D /* Project object */;
}
